# This file was autogenerated by Stack.
# You should not edit this file by hand.
# For more information, please see the documentation at:
#   https://docs.haskellstack.org/en/stable/lock_files

packages:
- completed:
    hackage: iwlib-0.1.2@sha256:4df33cfbfdb540468a0d5eb228bfa4a729bef0c5c97ddacbea83862c4da7f2d7,933
    pantry-tree:
      sha256: 38f21f9f14c5c518c7055f61062b8261a4954f254358447f2843800928ec49f9
      size: 259
  original:
    hackage: iwlib-0.1.2
- completed:
    hackage: dbus-1.2.29@sha256:63b5b4d424231fa63ef6077bf8e4c74ca804c4c9f01ddfcd5942c0297729540a,4562
    pantry-tree:
      sha256: aa04983a131daef1b723b2867aa8960b865187b6b16c848b3bf417e50f1c4515
      size: 2795
  original:
    hackage: dbus-1.2.29@sha256:63b5b4d424231fa63ef6077bf8e4c74ca804c4c9f01ddfcd5942c0297729540a,4562
snapshots:
- completed:
    sha256: 2fdd7d3e54540062ef75ca0a73ca3a804c527dbf8a4cadafabf340e66ac4af40
    size: 712469
    url: https://raw.githubusercontent.com/commercialhaskell/stackage-snapshots/master/lts/22/11.yaml
  original:
    url: https://raw.githubusercontent.com/commercialhaskell/stackage-snapshots/master/lts/22/11.yaml
